
Microsoft Visual Studio Solution File, Format Version 12.00
# Visual Studio 15
VisualStudioVersion = 15.0.27428.2005
MinimumVisualStudioVersion = 10.0.40219.1
Project("{FAE04EC0-301F-11D3-BF4B-00C04F79EFBC}") = "Project Game", "Project Game\Project Game.csproj", "{B9A558DE-A888-4B01-9E39-48CEFDAEAC30}"
EndProject
Global
	GlobalSection(SolutionConfigurationPlatforms) = preSolution
		Debug|Any CPU = Debug|Any CPU
		Release|Any CPU = Release|Any CPU
	EndGlobalSection
	GlobalSection(ProjectConfigurationPlatforms) = postSolution
		{B9A558DE-A888-4B01-9E39-48CEFDAEAC30}.Debug|Any CPU.ActiveCfg = Debug|Any CPU
		{B9A558DE-A888-4B01-9E39-48CEFDAEAC30}.Debug|Any CPU.Build.0 = Debug|Any CPU
		{B9A558DE-A888-4B01-9E39-48CEFDAEAC30}.Release|Any CPU.ActiveCfg = Release|Any CPU
		{B9A558DE-A888-4B01-9E39-48CEFDAEAC30}.Release|Any CPU.Build.0 = Release|Any CPU
	EndGlobalSection
	GlobalSection(SolutionProperties) = preSolution
		HideSolutionNode = FALSE
	EndGlobalSection
	GlobalSection(ExtensibilityGlobals) = postSolution
		SolutionGuid = {C4701EBE-9AA7-47D9-B0F2-170B5DA49C45}
	EndGlobalSection
EndGlobal
